
Microsoft Visual Studio Solution File, Format Version 12.00
# Visual Studio Version 17
VisualStudioVersion = 17.7.34202.233
MinimumVisualStudioVersion = 10.0.40219.1
Project("{FAE04EC0-301F-11D3-BF4B-00C04F79EFBC}") = "Server", "Server\Server.csproj", "{B3418886-1F7E-4641-95FD-9E7D31743184}"
EndProject
Project("{FAE04EC0-301F-11D3-BF4B-00C04F79EFBC}") = "Client", "Client\Client.csproj", "{4DC7AC84-08B5-45CD-991D-D24071F8443C}"
EndProject
Global
	GlobalSection(SolutionConfigurationPlatforms) = preSolution
		Debug|Any CPU = Debug|Any CPU
		Release|Any CPU = Release|Any CPU
	EndGlobalSection
	GlobalSection(ProjectConfigurationPlatforms) = postSolution
		{B3418886-1F7E-4641-95FD-9E7D31743184}.Debug|Any CPU.ActiveCfg = Debug|Any CPU
		{B3418886-1F7E-4641-95FD-9E7D31743184}.Debug|Any CPU.Build.0 = Debug|Any CPU
		{B3418886-1F7E-4641-95FD-9E7D31743184}.Release|Any CPU.ActiveCfg = Release|Any CPU
		{B3418886-1F7E-4641-95FD-9E7D31743184}.Release|Any CPU.Build.0 = Release|Any CPU
		{4DC7AC84-08B5-45CD-991D-D24071F8443C}.Debug|Any CPU.ActiveCfg = Debug|Any CPU
		{4DC7AC84-08B5-45CD-991D-D24071F8443C}.Debug|Any CPU.Build.0 = Debug|Any CPU
		{4DC7AC84-08B5-45CD-991D-D24071F8443C}.Release|Any CPU.ActiveCfg = Release|Any CPU
		{4DC7AC84-08B5-45CD-991D-D24071F8443C}.Release|Any CPU.Build.0 = Release|Any CPU
	EndGlobalSection
	GlobalSection(SolutionProperties) = preSolution
		HideSolutionNode = FALSE
	EndGlobalSection
	GlobalSection(ExtensibilityGlobals) = postSolution
		SolutionGuid = {14BCAC26-3CAB-4DA5-A1BC-F7DA76D3A260}
	EndGlobalSection
EndGlobal
